
Microsoft Visual Studio Solution File, Format Version 12.00
# Visual Studio Version 16
VisualStudioVersion = 16.0.29905.134
MinimumVisualStudioVersion = 10.0.40219.1
Project("{FAE04EC0-301F-11D3-BF4B-00C04F79EFBC}") = "NagaW", "NagaW\NagaW.csproj", "{3E526926-D265-4C47-82AC-6B9780AC31E1}"
EndProject
Global
	GlobalSection(SolutionConfigurationPlatforms) = preSolution
		Debug|Any CPU = Debug|Any CPU
		Release|Any CPU = Release|Any CPU
	EndGlobalSection
	GlobalSection(ProjectConfigurationPlatforms) = postSolution
		{3E526926-D265-4C47-82AC-6B9780AC31E1}.Debug|Any CPU.ActiveCfg = Debug|Any CPU
		{3E526926-D265-4C47-82AC-6B9780AC31E1}.Debug|Any CPU.Build.0 = Debug|Any CPU
		{3E526926-D265-4C47-82AC-6B9780AC31E1}.Release|Any CPU.ActiveCfg = Release|Any CPU
		{3E526926-D265-4C47-82AC-6B9780AC31E1}.Release|Any CPU.Build.0 = Release|Any CPU
	EndGlobalSection
	GlobalSection(SolutionProperties) = preSolution
		HideSolutionNode = FALSE
	EndGlobalSection
	GlobalSection(ExtensibilityGlobals) = postSolution
		SolutionGuid = {776135FA-E311-4A0D-B366-B56527FE376C}
	EndGlobalSection
EndGlobal
